
Microsoft Visual Studio Solution File, Format Version 12.00
# Visual Studio Version 17
VisualStudioVersion = 17.9.34622.214
MinimumVisualStudioVersion = 10.0.40219.1
Project("{9A19103F-16F7-4668-BE54-9A1E7A4F7556}") = "ClassLibrary", "ClassLibrary\ClassLibrary.csproj", "{0226F8F5-BEAE-442E-AD47-B54430F76F0F}"
EndProject
Project("{9A19103F-16F7-4668-BE54-9A1E7A4F7556}") = "UnitTests", "UnitTests\UnitTests.csproj", "{3AF0D0B6-072F-4D65-A57E-2AA6A7445364}"
EndProject
Project("{FAE04EC0-301F-11D3-BF4B-00C04F79EFBC}") = "ClassUsage", "ClassUsage\ClassUsage.csproj", "{A7E64588-6F43-4FF8-A92C-83B447E6D04E}"
EndProject
Global
	GlobalSection(SolutionConfigurationPlatforms) = preSolution
		Debug|Any CPU = Debug|Any CPU
		Release|Any CPU = Release|Any CPU
	EndGlobalSection
	GlobalSection(ProjectConfigurationPlatforms) = postSolution
		{0226F8F5-BEAE-442E-AD47-B54430F76F0F}.Debug|Any CPU.ActiveCfg = Debug|Any CPU
		{0226F8F5-BEAE-442E-AD47-B54430F76F0F}.Debug|Any CPU.Build.0 = Debug|Any CPU
		{0226F8F5-BEAE-442E-AD47-B54430F76F0F}.Release|Any CPU.ActiveCfg = Release|Any CPU
		{0226F8F5-BEAE-442E-AD47-B54430F76F0F}.Release|Any CPU.Build.0 = Release|Any CPU
		{3AF0D0B6-072F-4D65-A57E-2AA6A7445364}.Debug|Any CPU.ActiveCfg = Debug|Any CPU
		{3AF0D0B6-072F-4D65-A57E-2AA6A7445364}.Debug|Any CPU.Build.0 = Debug|Any CPU
		{3AF0D0B6-072F-4D65-A57E-2AA6A7445364}.Release|Any CPU.ActiveCfg = Release|Any CPU
		{3AF0D0B6-072F-4D65-A57E-2AA6A7445364}.Release|Any CPU.Build.0 = Release|Any CPU
		{A7E64588-6F43-4FF8-A92C-83B447E6D04E}.Debug|Any CPU.ActiveCfg = Debug|Any CPU
		{A7E64588-6F43-4FF8-A92C-83B447E6D04E}.Debug|Any CPU.Build.0 = Debug|Any CPU
		{A7E64588-6F43-4FF8-A92C-83B447E6D04E}.Release|Any CPU.ActiveCfg = Release|Any CPU
		{A7E64588-6F43-4FF8-A92C-83B447E6D04E}.Release|Any CPU.Build.0 = Release|Any CPU
	EndGlobalSection
	GlobalSection(SolutionProperties) = preSolution
		HideSolutionNode = FALSE
	EndGlobalSection
	GlobalSection(ExtensibilityGlobals) = postSolution
		SolutionGuid = {237310F9-EF09-45D4-ADEE-811B4CD93D82}
	EndGlobalSection
EndGlobal
